
Microsoft Visual Studio Solution File, Format Version 12.00
# Visual Studio 15
VisualStudioVersion = 15.0.27004.2002
MinimumVisualStudioVersion = 10.0.40219.1
Project("{FAE04EC0-301F-11D3-BF4B-00C04F79EFBC}") = "DateStorage", "DateStorage\DateStorage.csproj", "{A26D35E7-65DD-4770-B7FA-3EB1F0869BBC}"
EndProject
Global
	GlobalSection(SolutionConfigurationPlatforms) = preSolution
		Debug|Any CPU = Debug|Any CPU
		Release|Any CPU = Release|Any CPU
	EndGlobalSection
	GlobalSection(ProjectConfigurationPlatforms) = postSolution
		{A26D35E7-65DD-4770-B7FA-3EB1F0869BBC}.Debug|Any CPU.ActiveCfg = Debug|Any CPU
		{A26D35E7-65DD-4770-B7FA-3EB1F0869BBC}.Debug|Any CPU.Build.0 = Debug|Any CPU
		{A26D35E7-65DD-4770-B7FA-3EB1F0869BBC}.Release|Any CPU.ActiveCfg = Release|Any CPU
		{A26D35E7-65DD-4770-B7FA-3EB1F0869BBC}.Release|Any CPU.Build.0 = Release|Any CPU
	EndGlobalSection
	GlobalSection(SolutionProperties) = preSolution
		HideSolutionNode = FALSE
	EndGlobalSection
	GlobalSection(ExtensibilityGlobals) = postSolution
		SolutionGuid = {57E91A89-2E01-47E5-B5B4-45DA216A9147}
	EndGlobalSection
EndGlobal
